{
    "_readme": [
        "This file locks the dependencies of your project to a known state",
        "Read more about it at https://getcomposer.org/doc/01-basic-usage.md#composer-lock-the-lock-file",
        "This file is @generated automatically"
    ],
    "hash": "557e1f95fb8580b18b1438d6c8332a45",
    "content-hash": "433bf1cf8868d67b94d2f572db70d15e",
    "packages": [
        {
            "name": "kbsali/redmine-api",
            "version": "v1.5.6",
            "source": {
                "type": "git",
                "url": "https://github.com/kbsali/php-redmine-api.git",
                "reference": "24011e66eef35396bc0e29774ef90dd3df4157ea"
            },
            "dist": {
                "type": "zip",
                "url": "https://api.github.com/repos/kbsali/php-redmine-api/zipball/24011e66eef35396bc0e29774ef90dd3df4157ea",
                "reference": "24011e66eef35396bc0e29774ef90dd3df4157ea",
                "shasum": ""
            },
            "require": {
                "ext-curl": "*",
                "php": ">=5.4"
            },
            "require-dev": {
                "phpunit/phpunit": "~4.0"
            },
            "type": "library",
            "autoload": {
                "psr-0": {
                    "Redmine": "lib/"
                }
            },
            "notification-url": "https://packagist.org/downloads/",
            "license": [
                "MIT"
            ],
            "authors": [
                {
                    "name": "Kevin Saliou",
                    "email": "kevin@saliou.name",
                    "homepage": "http://kevin.saliou.name"
                }
            ],
            "description": "Redmine API client",
            "homepage": "https://github.com/kbsali/php-redmine-api",
            "keywords": [
                "api",
                "redmine"
            ],
            "time": "2015-11-20 23:16:58"
        },
        {
            "name": "mimez/alfredapp",
            "version": "dev-master",
            "source": {
                "type": "git",
                "url": "https://github.com/mimez/alfredapp.git",
                "reference": "aed1b6ef625c9252b0746be55aa76d916658425b"
            },
            "dist": {
                "type": "zip",
                "url": "https://api.github.com/repos/mimez/alfredapp/zipball/aed1b6ef625c9252b0746be55aa76d916658425b",
                "reference": "aed1b6ef625c9252b0746be55aa76d916658425b",
                "shasum": ""
            },
            "type": "library",
            "autoload": {
                "psr-0": {
                    "": "src/"
                }
            },
            "license": [
                "GPLv3"
            ],
            "description": "alfred-app is a tiny helper for create alfred-app (a mac spotlight replacement) workflows",
            "support": {
                "source": "https://github.com/mimez/alfredapp/tree/master",
                "issues": "https://github.com/mimez/alfredapp/issues"
            },
            "time": "2015-11-16 19:54:03"
        }
    ],
    "packages-dev": [],
    "aliases": [],
    "minimum-stability": "stable",
    "stability-flags": {
        "mimez/alfredapp": 20
    },
    "prefer-stable": false,
    "prefer-lowest": false,
    "platform": [],
    "platform-dev": []
}
